
Microsoft Visual Studio Solution File, Format Version 12.00
# Visual Studio Version 17
VisualStudioVersion = 17.3.32922.545
MinimumVisualStudioVersion = 10.0.40219.1
Project("{FAE04EC0-301F-11D3-BF4B-00C04F79EFBC}") = "BolovCircus", "BolovCircus\BolovCircus.csproj", "{92A93075-ADE6-45E7-B6AB-57030455850B}"
EndProject
Global
	GlobalSection(SolutionConfigurationPlatforms) = preSolution
		Debug|Any CPU = Debug|Any CPU
		Release|Any CPU = Release|Any CPU
	EndGlobalSection
	GlobalSection(ProjectConfigurationPlatforms) = postSolution
		{92A93075-ADE6-45E7-B6AB-57030455850B}.Debug|Any CPU.ActiveCfg = Debug|Any CPU
		{92A93075-ADE6-45E7-B6AB-57030455850B}.Debug|Any CPU.Build.0 = Debug|Any CPU
		{92A93075-ADE6-45E7-B6AB-57030455850B}.Release|Any CPU.ActiveCfg = Release|Any CPU
		{92A93075-ADE6-45E7-B6AB-57030455850B}.Release|Any CPU.Build.0 = Release|Any CPU
	EndGlobalSection
	GlobalSection(SolutionProperties) = preSolution
		HideSolutionNode = FALSE
	EndGlobalSection
	GlobalSection(ExtensibilityGlobals) = postSolution
		SolutionGuid = {30638554-F9D6-461D-9838-0912D8F72FC1}
	EndGlobalSection
EndGlobal
